
Microsoft Visual Studio Solution File, Format Version 12.00
# Visual Studio 2013
VisualStudioVersion = 12.0.31101.0
MinimumVisualStudioVersion = 10.0.40219.1
Project("{FAE04EC0-301F-11D3-BF4B-00C04F79EFBC}") = "Crud-Registros-EntityFramework", "Crud-Registros-EntityFramework\Crud-Registros-EntityFramework.csproj", "{78101DC0-E061-4F31-A5B2-84F69813C537}"
EndProject
Project("{FAE04EC0-301F-11D3-BF4B-00C04F79EFBC}") = "Crud-Alumnos", "Crud-Alumnos\Crud-Alumnos.csproj", "{3BA5A959-3F2D-4D98-B604-FDF483F2A6D3}"
EndProject
Global
	GlobalSection(SolutionConfigurationPlatforms) = preSolution
		Debug|Any CPU = Debug|Any CPU
		Release|Any CPU = Release|Any CPU
	EndGlobalSection
	GlobalSection(ProjectConfigurationPlatforms) = postSolution
		{78101DC0-E061-4F31-A5B2-84F69813C537}.Debug|Any CPU.ActiveCfg = Debug|Any CPU
		{78101DC0-E061-4F31-A5B2-84F69813C537}.Debug|Any CPU.Build.0 = Debug|Any CPU
		{78101DC0-E061-4F31-A5B2-84F69813C537}.Release|Any CPU.ActiveCfg = Release|Any CPU
		{78101DC0-E061-4F31-A5B2-84F69813C537}.Release|Any CPU.Build.0 = Release|Any CPU
		{3BA5A959-3F2D-4D98-B604-FDF483F2A6D3}.Debug|Any CPU.ActiveCfg = Debug|Any CPU
		{3BA5A959-3F2D-4D98-B604-FDF483F2A6D3}.Debug|Any CPU.Build.0 = Debug|Any CPU
		{3BA5A959-3F2D-4D98-B604-FDF483F2A6D3}.Release|Any CPU.ActiveCfg = Release|Any CPU
		{3BA5A959-3F2D-4D98-B604-FDF483F2A6D3}.Release|Any CPU.Build.0 = Release|Any CPU
	EndGlobalSection
	GlobalSection(SolutionProperties) = preSolution
		HideSolutionNode = FALSE
	EndGlobalSection
EndGlobal
